<?xml version="1.0" encoding="utf-8"?>
<Project ToolsVersion="4.0" xmlns="http://schemas.microsoft.com/developer/msbuild/2003">
  <ItemGroup>
    <Filter Include="Famicom">
      <UniqueIdentifier>{c0954f1b-0afd-40c1-a158-a84e0a6cf755}</UniqueIdentifier>
    </Filter>
    <Filter Include="Famicom\cpu">
      <UniqueIdentifier>{d9a34fa0-a92d-42ff-b619-179b6935e8ee}</UniqueIdentifier>
    </Filter>
    <Filter Include="Famicom\ppu">
      <UniqueIdentifier>{251ece62-6425-4147-bf53-9c0fc12e09ea}</UniqueIdentifier>
    </Filter>
    <Filter Include="mfc">
      <UniqueIdentifier>{9163b370-52ca-4367-a669-a90615c7ed1d}</UniqueIdentifier>
    </Filter>
  </ItemGroup>
  <ItemGroup>
    <ClInclude Include="fcEmulator\Famicom\Code.h">
      <Filter>Famicom</Filter>
    </ClInclude>
    <ClInclude Include="fcEmulator\Famicom\Famicom.h">
      <Filter>Famicom</Filter>
    </ClInclude>
    <ClInclude Include="fcEmulator\Famicom\Render.h">
      <Filter>Famicom</Filter>
    </ClInclude>
    <ClInclude Include="fcEmulator\Famicom\Rom.h">
      <Filter>Famicom</Filter>
    </ClInclude>
    <ClInclude Include="fcEmulator\Famicom\cpu\6502.h">
      <Filter>Famicom\cpu</Filter>
    </ClInclude>
    <ClInclude Include="fcEmulator\Famicom\cpu\cpu.h">
      <Filter>Famicom\cpu</Filter>
    </ClInclude>
    <ClInclude Include="fcEmulator\Famicom\ppu\Config.h">
      <Filter>Famicom\ppu</Filter>
    </ClInclude>
    <ClInclude Include="fcEmulator\Famicom\ppu\ppu.h">
      <Filter>Famicom\ppu</Filter>
    </ClInclude>
    <ClInclude Include="fcEmulator\common\d2d_interface.h">
      <Filter>mfc</Filter>
    </ClInclude>
  </ItemGroup>
  <ItemGroup>
    <ClCompile Include="fcEmulator\Famicom\Famicom.cc">
      <Filter>Famicom</Filter>
    </ClCompile>
    <ClCompile Include="fcEmulator\Famicom\Render.cc">
      <Filter>Famicom</Filter>
    </ClCompile>
    <ClCompile Include="fcEmulator\Famicom\cpu\6502.cc">
      <Filter>Famicom\cpu</Filter>
    </ClCompile>
    <ClCompile Include="fcEmulator\Famicom\cpu\cpu.cc">
      <Filter>Famicom\cpu</Filter>
    </ClCompile>
    <ClCompile Include="fcEmulator\Famicom\ppu\Config.cc">
      <Filter>Famicom\ppu</Filter>
    </ClCompile>
    <ClCompile Include="fcEmulator\Famicom\ppu\ppu.cc">
      <Filter>Famicom\ppu</Filter>
    </ClCompile>
    <ClCompile Include="fcEmulator\common\d2d_draw.cpp">
      <Filter>mfc</Filter>
    </ClCompile>
    <ClCompile Include="fcEmulator\main.cpp" />
  </ItemGroup>
</Project>